// !$*UTF8*$!
{
	archiveVersion = 1;
	classes = {
	};
	objectVersion = 56;
	objects = {

/* Begin PBXBuildFile section */
		A10000012345678900000001 /* RayGolfApp.swift in Sources */ = {isa = PBXBuildFile; fileRef = A10000012345678900000002 /* RayGolfApp.swift */; };
		A10000012345678900000003 /* ContentView.swift in Sources */ = {isa = PBXBuildFile; fileRef = A10000012345678900000004 /* ContentView.swift */; };
		A10000012345678900000005 /* Round.swift in Sources */ = {isa = PBXBuildFile; fileRef = A10000012345678900000006 /* Round.swift */; };
		A10000012345678900000007 /* HandicapCalculator.swift in Sources */ = {isa = PBXBuildFile; fileRef = A10000012345678900000008 /* HandicapCalculator.swift */; };
		A10000012345678900000009 /* StatisticsService.swift in Sources */ = {isa = PBXBuildFile; fileRef = A1000001234567890000000A /* StatisticsService.swift */; };
		A1000001234567890000000B /* GoalsStore.swift in Sources */ = {isa = PBXBuildFile; fileRef = A1000001234567890000000C /* GoalsStore.swift */; };
		A1000001234567890000001F /* ActiveRoundStore.swift in Sources */ = {isa = PBXBuildFile; fileRef = A10000012345678900000020 /* ActiveRoundStore.swift */; };
		A1000001234567890000000D /* DashboardView.swift in Sources */ = {isa = PBXBuildFile; fileRef = A1000001234567890000000E /* DashboardView.swift */; };
		A1000001234567890000000F /* ProgressRingsView.swift in Sources */ = {isa = PBXBuildFile; fileRef = A10000012345678900000010 /* ProgressRingsView.swift */; };
		A10000012345678900000011 /* MetricsCardsView.swift in Sources */ = {isa = PBXBuildFile; fileRef = A10000012345678900000012 /* MetricsCardsView.swift */; };
		A10000012345678900000013 /* TrendChartView.swift in Sources */ = {isa = PBXBuildFile; fileRef = A10000012345678900000014 /* TrendChartView.swift */; };
		A10000012345678900000015 /* StreakView.swift in Sources */ = {isa = PBXBuildFile; fileRef = A10000012345678900000016 /* StreakView.swift */; };
		A10000012345678900000017 /* RoundsListView.swift in Sources */ = {isa = PBXBuildFile; fileRef = A10000012345678900000018 /* RoundsListView.swift */; };
		A10000012345678900000019 /* AddRoundView.swift in Sources */ = {isa = PBXBuildFile; fileRef = A1000001234567890000001A /* AddRoundView.swift */; };
		A1000001234567890000001B /* SettingsView.swift in Sources */ = {isa = PBXBuildFile; fileRef = A1000001234567890000001C /* SettingsView.swift */; };
		A1000001234567890000001D /* Assets.xcassets in Resources */ = {isa = PBXBuildFile; fileRef = A1000001234567890000001E /* Assets.xcassets */; };
/* End PBXBuildFile section */

/* Begin PBXFileReference section */
		A10000012345678900000000 /* RayGolf.app */ = {isa = PBXFileReference; explicitFileType = wrapper.application; includeInIndex = 0; path = RayGolf.app; sourceTree = BUILT_PRODUCTS_DIR; };
		A10000012345678900000002 /* RayGolfApp.swift */ = {isa = PBXFileReference; lastKnownFileType = sourcecode.swift; path = RayGolfApp.swift; sourceTree = "<group>"; };
		A10000012345678900000004 /* ContentView.swift */ = {isa = PBXFileReference; lastKnownFileType = sourcecode.swift; path = ContentView.swift; sourceTree = "<group>"; };
		A10000012345678900000006 /* Round.swift */ = {isa = PBXFileReference; lastKnownFileType = sourcecode.swift; path = Round.swift; sourceTree = "<group>"; };
		A10000012345678900000008 /* HandicapCalculator.swift */ = {isa = PBXFileReference; lastKnownFileType = sourcecode.swift; path = HandicapCalculator.swift; sourceTree = "<group>"; };
		A1000001234567890000000A /* StatisticsService.swift */ = {isa = PBXFileReference; lastKnownFileType = sourcecode.swift; path = StatisticsService.swift; sourceTree = "<group>"; };
		A1000001234567890000000C /* GoalsStore.swift */ = {isa = PBXFileReference; lastKnownFileType = sourcecode.swift; path = GoalsStore.swift; sourceTree = "<group>"; };
		A10000012345678900000020 /* ActiveRoundStore.swift */ = {isa = PBXFileReference; lastKnownFileType = sourcecode.swift; path = ActiveRoundStore.swift; sourceTree = "<group>"; };
		A1000001234567890000000E /* DashboardView.swift */ = {isa = PBXFileReference; lastKnownFileType = sourcecode.swift; path = DashboardView.swift; sourceTree = "<group>"; };
		A10000012345678900000010 /* ProgressRingsView.swift */ = {isa = PBXFileReference; lastKnownFileType = sourcecode.swift; path = ProgressRingsView.swift; sourceTree = "<group>"; };
		A10000012345678900000012 /* MetricsCardsView.swift */ = {isa = PBXFileReference; lastKnownFileType = sourcecode.swift; path = MetricsCardsView.swift; sourceTree = "<group>"; };
		A10000012345678900000014 /* TrendChartView.swift */ = {isa = PBXFileReference; lastKnownFileType = sourcecode.swift; path = TrendChartView.swift; sourceTree = "<group>"; };
		A10000012345678900000016 /* StreakView.swift */ = {isa = PBXFileReference; lastKnownFileType = sourcecode.swift; path = StreakView.swift; sourceTree = "<group>"; };
		A10000012345678900000018 /* RoundsListView.swift */ = {isa = PBXFileReference; lastKnownFileType = sourcecode.swift; path = RoundsListView.swift; sourceTree = "<group>"; };
		A1000001234567890000001A /* AddRoundView.swift */ = {isa = PBXFileReference; lastKnownFileType = sourcecode.swift; path = AddRoundView.swift; sourceTree = "<group>"; };
		A1000001234567890000001C /* SettingsView.swift */ = {isa = PBXFileReference; lastKnownFileType = sourcecode.swift; path = SettingsView.swift; sourceTree = "<group>"; };
		A1000001234567890000001E /* Assets.xcassets */ = {isa = PBXFileReference; lastKnownFileType = folder.assetcatalog; path = Assets.xcassets; sourceTree = "<group>"; };
/* End PBXFileReference section */

/* Begin PBXFrameworksBuildPhase section */
		A10000012345678900000020 /* Frameworks */ = {
			isa = PBXFrameworksBuildPhase;
			buildActionMask = 2147483647;
			files = (
			);
			runOnlyForDeploymentPostprocessing = 0;
		};
/* End PBXFrameworksBuildPhase section */

/* Begin PBXGroup section */
		A10000012345678900000021 /* RayGolf */ = {
			isa = PBXGroup;
			children = (
				A10000012345678900000002 /* RayGolfApp.swift */,
				A10000012345678900000004 /* ContentView.swift */,
				A10000012345678900000022 /* Models */,
				A10000012345678900000023 /* Services */,
				A10000012345678900000024 /* Views */,
				A1000001234567890000001E /* Assets.xcassets */,
			);
			path = RayGolf;
			sourceTree = "<group>";
		};
		A10000012345678900000022 /* Models */ = {
			isa = PBXGroup;
			children = (
				A10000012345678900000006 /* Round.swift */,
			);
			path = Models;
			sourceTree = "<group>";
		};
		A10000012345678900000023 /* Services */ = {
			isa = PBXGroup;
			children = (
				A10000012345678900000008 /* HandicapCalculator.swift */,
				A1000001234567890000000A /* StatisticsService.swift */,
				A1000001234567890000000C /* GoalsStore.swift */,
				A10000012345678900000020 /* ActiveRoundStore.swift */,
			);
			path = Services;
			sourceTree = "<group>";
		};
		A10000012345678900000024 /* Views */ = {
			isa = PBXGroup;
			children = (
				A10000012345678900000025 /* Dashboard */,
				A10000012345678900000026 /* Rounds */,
				A10000012345678900000027 /* Settings */,
			);
			path = Views;
			sourceTree = "<group>";
		};
		A10000012345678900000025 /* Dashboard */ = {
			isa = PBXGroup;
			children = (
				A1000001234567890000000E /* DashboardView.swift */,
				A10000012345678900000010 /* ProgressRingsView.swift */,
				A10000012345678900000012 /* MetricsCardsView.swift */,
				A10000012345678900000014 /* TrendChartView.swift */,
				A10000012345678900000016 /* StreakView.swift */,
			);
			path = Dashboard;
			sourceTree = "<group>";
		};
		A10000012345678900000026 /* Rounds */ = {
			isa = PBXGroup;
			children = (
				A10000012345678900000018 /* RoundsListView.swift */,
				A1000001234567890000001A /* AddRoundView.swift */,
			);
			path = Rounds;
			sourceTree = "<group>";
		};
		A10000012345678900000027 /* Settings */ = {
			isa = PBXGroup;
			children = (
				A1000001234567890000001C /* SettingsView.swift */,
			);
			path = Settings;
			sourceTree = "<group>";
		};
		A10000012345678900000028 /* Products */ = {
			isa = PBXGroup;
			children = (
				A10000012345678900000000 /* RayGolf.app */,
			);
			name = Products;
			sourceTree = "<group>";
		};
		A10000012345678900000029 /* Main */ = {
			isa = PBXGroup;
			children = (
				A10000012345678900000021 /* RayGolf */,
				A10000012345678900000028 /* Products */,
			);
			sourceTree = "<group>";
		};
/* End PBXGroup section */

/* Begin PBXNativeTarget section */
		A1000001234567890000002A /* RayGolf */ = {
			isa = PBXNativeTarget;
			buildConfigurationList = A1000001234567890000002B /* Build configuration list for PBXNativeTarget "RayGolf" */;
			buildPhases = (
				A1000001234567890000002C /* Sources */,
				A10000012345678900000020 /* Frameworks */,
				A1000001234567890000002D /* Resources */,
			);
			buildRules = (
			);
			dependencies = (
			);
			name = RayGolf;
			productName = RayGolf;
			productReference = A10000012345678900000000 /* RayGolf.app */;
			productType = "com.apple.product-type.application";
		};
/* End PBXNativeTarget section */

/* Begin PBXProject section */
		A1000001234567890000002E /* Project object */ = {
			isa = PBXProject;
			attributes = {
				BuildIndependentTargetsInParallel = 1;
				LastSwiftUpdateCheck = 1500;
				LastUpgradeCheck = 1500;
			};
			buildConfigurationList = A1000001234567890000002F /* Build configuration list for PBXProject "RayGolf" */;
			compatibilityVersion = "Xcode 14.0";
			developmentRegion = en;
			hasScannedForEncodings = 0;
			knownRegions = (
				en,
				Base,
			);
			mainGroup = A10000012345678900000029;
			productRefGroup = A10000012345678900000028 /* Products */;
			projectDirPath = "";
			projectRoot = "";
			targets = (
				A1000001234567890000002A /* RayGolf */,
			);
		};
/* End PBXProject section */

/* Begin PBXResourcesBuildPhase section */
		A1000001234567890000002D /* Resources */ = {
			isa = PBXResourcesBuildPhase;
			buildActionMask = 2147483647;
			files = (
				A1000001234567890000001D /* Assets.xcassets in Resources */,
			);
			runOnlyForDeploymentPostprocessing = 0;
		};
/* End PBXResourcesBuildPhase section */

/* Begin PBXSourcesBuildPhase section */
		A1000001234567890000002C /* Sources */ = {
			isa = PBXSourcesBuildPhase;
			buildActionMask = 2147483647;
			files = (
				A10000012345678900000001 /* RayGolfApp.swift in Sources */,
				A10000012345678900000003 /* ContentView.swift in Sources */,
				A10000012345678900000005 /* Round.swift in Sources */,
				A10000012345678900000007 /* HandicapCalculator.swift in Sources */,
				A10000012345678900000009 /* StatisticsService.swift in Sources */,
				A1000001234567890000000B /* GoalsStore.swift in Sources */,
				A1000001234567890000001F /* ActiveRoundStore.swift in Sources */,
				A1000001234567890000000D /* DashboardView.swift in Sources */,
				A1000001234567890000000F /* ProgressRingsView.swift in Sources */,
				A10000012345678900000011 /* MetricsCardsView.swift in Sources */,
				A10000012345678900000013 /* TrendChartView.swift in Sources */,
				A10000012345678900000015 /* StreakView.swift in Sources */,
				A10000012345678900000017 /* RoundsListView.swift in Sources */,
				A10000012345678900000019 /* AddRoundView.swift in Sources */,
				A1000001234567890000001B /* SettingsView.swift in Sources */,
			);
			runOnlyForDeploymentPostprocessing = 0;
		};
/* End PBXSourcesBuildPhase section */

/* Begin XCBuildConfiguration section */
		A10000012345678900000030 /* Debug */ = {
			isa = XCBuildConfiguration;
			buildSettings = {
				ALWAYS_SEARCH_USER_PATHS = NO;
				ASSETCATALOG_COMPILER_GENERATE_SWIFT_ASSET_SYMBOL_EXTENSIONS = YES;
				CLANG_ANALYZER_NONNULL = YES;
				CLANG_ANALYZER_NUMBER_OBJECT_CONVERSION = YES_AGGRESSIVE;
				CLANG_CXX_LANGUAGE_STANDARD = "gnu++20";
				CLANG_ENABLE_MODULES = YES;
				CLANG_ENABLE_OBJC_ARC = YES;
				CLANG_ENABLE_OBJC_WEAK = YES;
				CLANG_WARN_BLOCK_CAPTURE_AUTORELEASING = YES;
				CLANG_WARN_BOOL_CONVERSION = YES;
				CLANG_WARN_COMMA = YES;
				CLANG_WARN_CONSTANT_CONVERSION = YES;
				CLANG_WARN_DEPRECATED_OBJC_IMPLEMENTATIONS = YES;
				CLANG_WARN_DIRECT_OBJC_ISA_USAGE = YES_ERROR;
				CLANG_WARN_DOCUMENTATION_COMMENTS = YES;
				CLANG_WARN_EMPTY_BODY = YES;
				CLANG_WARN_ENUM_CONVERSION = YES;
				CLANG_WARN_INFINITE_RECURSION = YES;
				CLANG_WARN_INT_CONVERSION = YES;
				CLANG_WARN_NON_LITERAL_NULL_CONVERSION = YES;
				CLANG_WARN_OBJC_IMPLICIT_RETAIN_SELF = YES;
				CLANG_WARN_OBJC_LITERAL_CONVERSION = YES;
				CLANG_WARN_OBJC_ROOT_CLASS = YES_ERROR;
				CLANG_WARN_QUOTED_INCLUDE_IN_FRAMEWORK_HEADER = YES;
				CLANG_WARN_RANGE_LOOP_ANALYSIS = YES;
				CLANG_WARN_STRICT_PROTOTYPES = YES;
				CLANG_WARN_SUSPICIOUS_MOVE = YES;
				CLANG_WARN_UNGUARDED_AVAILABILITY = YES_AGGRESSIVE;
				CLANG_WARN_UNREACHABLE_CODE = YES;
				CLANG_WARN__DUPLICATE_METHOD_MATCH = YES;
				COPY_PHASE_STRIP = NO;
				DEBUG_INFORMATION_FORMAT = dwarf;
				ENABLE_STRICT_OBJC_MSGSEND = YES;
				ENABLE_TESTABILITY = YES;
				GCC_C_LANGUAGE_STANDARD = gnu17;
				GCC_DYNAMIC_NO_PIC = NO;
				GCC_NO_COMMON_BLOCKS = YES;
				GCC_OPTIMIZATION_LEVEL = 0;
				GCC_PREPROCESSOR_DEFINITIONS = (
					"DEBUG=1",
					"$(inherited)",
				);
				GCC_WARN_64_TO_32_BIT_CONVERSION = YES;
				GCC_WARN_ABOUT_RETURN_TYPE = YES_ERROR;
				GCC_WARN_UNDECLARED_SELECTOR = YES;
				GCC_WARN_UNINITIALIZED_AUTOS = YES_AGGRESSIVE;
				GCC_WARN_UNUSED_FUNCTION = YES;
				GCC_WARN_UNUSED_VARIABLE = YES;
				IPHONEOS_DEPLOYMENT_TARGET = 17.0;
				LOCALIZATION_PREFERS_STRING_CATALOGS = YES;
				MTL_ENABLE_DEBUG_INFO = INCLUDE_SOURCE;
				MTL_FAST_MATH = YES;
				ONLY_ACTIVE_ARCH = YES;
				SDKROOT = iphoneos;
				SWIFT_ACTIVE_COMPILATION_CONDITIONS = "DEBUG $(inherited)";
				SWIFT_OPTIMIZATION_LEVEL = "-Onone";
			};
			name = Debug;
		};
		A10000012345678900000031 /* Release */ = {
			isa = XCBuildConfiguration;
			buildSettings = {
				ALWAYS_SEARCH_USER_PATHS = NO;
				ASSETCATALOG_COMPILER_GENERATE_SWIFT_ASSET_SYMBOL_EXTENSIONS = YES;
				CLANG_ANALYZER_NONNULL = YES;
				CLANG_ANALYZER_NUMBER_OBJECT_CONVERSION = YES_AGGRESSIVE;
				CLANG_CXX_LANGUAGE_STANDARD = "gnu++20";
				CLANG_ENABLE_MODULES = YES;
				CLANG_ENABLE_OBJC_ARC = YES;
				CLANG_ENABLE_OBJC_WEAK = YES;
				CLANG_WARN_BLOCK_CAPTURE_AUTORELEASING = YES;
				CLANG_WARN_BOOL_CONVERSION = YES;
				CLANG_WARN_COMMA = YES;
				CLANG_WARN_CONSTANT_CONVERSION = YES;
				CLANG_WARN_DEPRECATED_OBJC_IMPLEMENTATIONS = YES;
				CLANG_WARN_DIRECT_OBJC_ISA_USAGE = YES_ERROR;
				CLANG_WARN_DOCUMENTATION_COMMENTS = YES;
				CLANG_WARN_EMPTY_BODY = YES;
				CLANG_WARN_ENUM_CONVERSION = YES;
				CLANG_WARN_INFINITE_RECURSION = YES;
				CLANG_WARN_INT_CONVERSION = YES;
				CLANG_WARN_NON_LITERAL_NULL_CONVERSION = YES;
				CLANG_WARN_OBJC_IMPLICIT_RETAIN_SELF = YES;
				CLANG_WARN_OBJC_LITERAL_CONVERSION = YES;
				CLANG_WARN_OBJC_ROOT_CLASS = YES_ERROR;
				CLANG_WARN_QUOTED_INCLUDE_IN_FRAMEWORK_HEADER = YES;
				CLANG_WARN_RANGE_LOOP_ANALYSIS = YES;
				CLANG_WARN_STRICT_PROTOTYPES = YES;
				CLANG_WARN_SUSPICIOUS_MOVE = YES;
				CLANG_WARN_UNGUARDED_AVAILABILITY = YES_AGGRESSIVE;
				CLANG_WARN_UNREACHABLE_CODE = YES;
				CLANG_WARN__DUPLICATE_METHOD_MATCH = YES;
				COPY_PHASE_STRIP = NO;
				DEBUG_INFORMATION_FORMAT = "dwarf-with-dsym";
				ENABLE_NS_ASSERTIONS = NO;
				ENABLE_STRICT_OBJC_MSGSEND = YES;
				GCC_C_LANGUAGE_STANDARD = gnu17;
				GCC_NO_COMMON_BLOCKS = YES;
				GCC_WARN_64_TO_32_BIT_CONVERSION = YES;
				GCC_WARN_ABOUT_RETURN_TYPE = YES_ERROR;
				GCC_WARN_UNDECLARED_SELECTOR = YES;
				GCC_WARN_UNINITIALIZED_AUTOS = YES_AGGRESSIVE;
				GCC_WARN_UNUSED_FUNCTION = YES;
				GCC_WARN_UNUSED_VARIABLE = YES;
				IPHONEOS_DEPLOYMENT_TARGET = 17.0;
				LOCALIZATION_PREFERS_STRING_CATALOGS = YES;
				MTL_ENABLE_DEBUG_INFO = NO;
				MTL_FAST_MATH = YES;
				SDKROOT = iphoneos;
				SWIFT_COMPILATION_MODE = wholemodule;
				VALIDATE_PRODUCT = YES;
			};
			name = Release;
		};
		A10000012345678900000032 /* Debug */ = {
			isa = XCBuildConfiguration;
			buildSettings = {
				ASSETCATALOG_COMPILER_APPICON_NAME = AppIcon;
				ASSETCATALOG_COMPILER_GLOBAL_ACCENT_COLOR_NAME = AccentColor;
				CODE_SIGN_STYLE = Automatic;
				CURRENT_PROJECT_VERSION = 1;
				GENERATE_INFOPLIST_FILE = YES;
				INFOPLIST_KEY_UIApplicationSceneManifest_Generation = YES;
				INFOPLIST_KEY_UIApplicationSupportsIndirectInputEvents = YES;
				INFOPLIST_KEY_UILaunchScreen_Generation = YES;
				INFOPLIST_KEY_UISupportedInterfaceOrientations_iPad = "UIInterfaceOrientationPortrait UIInterfaceOrientationPortraitUpsideDown UIInterfaceOrientationLandscapeLeft UIInterfaceOrientationLandscapeRight";
				INFOPLIST_KEY_UISupportedInterfaceOrientations_iPhone = "UIInterfaceOrientationPortrait UIInterfaceOrientationLandscapeLeft UIInterfaceOrientationLandscapeRight";
				LD_RUNPATH_SEARCH_PATHS = (
					"$(inherited)",
					"@executable_path/Frameworks",
				);
				MARKETING_VERSION = 1.0;
				PRODUCT_BUNDLE_IDENTIFIER = com.raygolf.app;
				PRODUCT_NAME = "$(TARGET_NAME)";
				SUPPORTED_PLATFORMS = "iphoneos iphonesimulator";
				SUPPORTS_MACCATALYST = NO;
				SWIFT_EMIT_LOC_STRINGS = YES;
				SWIFT_VERSION = 5.0;
				TARGETED_DEVICE_FAMILY = 1;
			};
			name = Debug;
		};
		A10000012345678900000033 /* Release */ = {
			isa = XCBuildConfiguration;
			buildSettings = {
				ASSETCATALOG_COMPILER_APPICON_NAME = AppIcon;
				ASSETCATALOG_COMPILER_GLOBAL_ACCENT_COLOR_NAME = AccentColor;
				CODE_SIGN_STYLE = Automatic;
				CURRENT_PROJECT_VERSION = 1;
				GENERATE_INFOPLIST_FILE = YES;
				INFOPLIST_KEY_UIApplicationSceneManifest_Generation = YES;
				INFOPLIST_KEY_UIApplicationSupportsIndirectInputEvents = YES;
				INFOPLIST_KEY_UILaunchScreen_Generation = YES;
				INFOPLIST_KEY_UISupportedInterfaceOrientations_iPad = "UIInterfaceOrientationPortrait UIInterfaceOrientationPortraitUpsideDown UIInterfaceOrientationLandscapeLeft UIInterfaceOrientationLandscapeRight";
				INFOPLIST_KEY_UISupportedInterfaceOrientations_iPhone = "UIInterfaceOrientationPortrait UIInterfaceOrientationLandscapeLeft UIInterfaceOrientationLandscapeRight";
				LD_RUNPATH_SEARCH_PATHS = (
					"$(inherited)",
					"@executable_path/Frameworks",
				);
				MARKETING_VERSION = 1.0;
				PRODUCT_BUNDLE_IDENTIFIER = com.raygolf.app;
				PRODUCT_NAME = "$(TARGET_NAME)";
				SUPPORTED_PLATFORMS = "iphoneos iphonesimulator";
				SUPPORTS_MACCATALYST = NO;
				SWIFT_EMIT_LOC_STRINGS = YES;
				SWIFT_VERSION = 5.0;
				TARGETED_DEVICE_FAMILY = 1;
			};
			name = Release;
		};
/* End XCBuildConfiguration section */

/* Begin XCConfigurationList section */
		A1000001234567890000002B /* Build configuration list for PBXNativeTarget "RayGolf" */ = {
			isa = XCConfigurationList;
			buildConfigurations = (
				A10000012345678900000032 /* Debug */,
				A10000012345678900000033 /* Release */,
			);
			defaultConfigurationIsVisible = 0;
			defaultConfigurationName = Release;
		};
		A1000001234567890000002F /* Build configuration list for PBXProject "RayGolf" */ = {
			isa = XCConfigurationList;
			buildConfigurations = (
				A10000012345678900000030 /* Debug */,
				A10000012345678900000031 /* Release */,
			);
			defaultConfigurationIsVisible = 0;
			defaultConfigurationName = Release;
		};
/* End XCConfigurationList section */
	};
	rootObject = A1000001234567890000002E /* Project object */;
}
